
Microsoft Visual Studio Solution File, Format Version 11.00
# Visual Studio 2010
# SharpDevelop 5.1
Project("{FAE04EC0-301F-11D3-BF4B-00C04F79EFBC}") = "Viginer", "Viginer\Viginer.csproj", "{1F4D7DF8-7E6B-4638-B294-3D0514495CEB}"
EndProject
Global
	GlobalSection(SolutionConfigurationPlatforms) = preSolution
		Debug|Any CPU = Debug|Any CPU
		Release|Any CPU = Release|Any CPU
	EndGlobalSection
	GlobalSection(ProjectConfigurationPlatforms) = postSolution
		{1F4D7DF8-7E6B-4638-B294-3D0514495CEB}.Debug|Any CPU.ActiveCfg = Debug|Any CPU
		{1F4D7DF8-7E6B-4638-B294-3D0514495CEB}.Debug|Any CPU.Build.0 = Debug|Any CPU
		{1F4D7DF8-7E6B-4638-B294-3D0514495CEB}.Release|Any CPU.ActiveCfg = Release|Any CPU
		{1F4D7DF8-7E6B-4638-B294-3D0514495CEB}.Release|Any CPU.Build.0 = Release|Any CPU
	EndGlobalSection
EndGlobal
